
Microsoft Visual Studio Solution File, Format Version 12.00
# Visual Studio Version 16
VisualStudioVersion = 16.0.29911.84
MinimumVisualStudioVersion = 10.0.40219.1
Project("{8BC9CEB8-8B4A-11D0-8D11-00A0C91BC942}") = "Sem3", "Sem3\Sem3.vcxproj", "{368F5E15-99CA-4CB6-BF70-543679E483BC}"
EndProject
Global
	GlobalSection(SolutionConfigurationPlatforms) = preSolution
		Debug|x64 = Debug|x64
		Debug|x86 = Debug|x86
		Release|x64 = Release|x64
		Release|x86 = Release|x86
	EndGlobalSection
	GlobalSection(ProjectConfigurationPlatforms) = postSolution
		{368F5E15-99CA-4CB6-BF70-543679E483BC}.Debug|x64.ActiveCfg = Debug|x64
		{368F5E15-99CA-4CB6-BF70-543679E483BC}.Debug|x64.Build.0 = Debug|x64
		{368F5E15-99CA-4CB6-BF70-543679E483BC}.Debug|x86.ActiveCfg = Debug|Win32
		{368F5E15-99CA-4CB6-BF70-543679E483BC}.Debug|x86.Build.0 = Debug|Win32
		{368F5E15-99CA-4CB6-BF70-543679E483BC}.Release|x64.ActiveCfg = Release|x64
		{368F5E15-99CA-4CB6-BF70-543679E483BC}.Release|x64.Build.0 = Release|x64
		{368F5E15-99CA-4CB6-BF70-543679E483BC}.Release|x86.ActiveCfg = Release|Win32
		{368F5E15-99CA-4CB6-BF70-543679E483BC}.Release|x86.Build.0 = Release|Win32
	EndGlobalSection
	GlobalSection(SolutionProperties) = preSolution
		HideSolutionNode = FALSE
	EndGlobalSection
	GlobalSection(ExtensibilityGlobals) = postSolution
		SolutionGuid = {350860A3-3EB7-48DC-9633-48F85567F378}
	EndGlobalSection
EndGlobal
